Microsoft Visual Studio Solution File, Format Version 11.00
# Visual Studio 2010
Project("{FAE04EC0-301F-11D3-BF4B-00C04F79EFBC}") = "FubuWorld", "FubuWorld\FubuWorld.csproj", "{6F5C4733-AF68-4591-9802-21425E6877C4}"
EndProject
Project("{FAE04EC0-301F-11D3-BF4B-00C04F79EFBC}") = "FubuWorld.Tests", "FubuWorld.Tests\FubuWorld.Tests.csproj", "{80DC5E35-BD49-4647-BF5C-831D6EA3227A}"
EndProject
Project("{FAE04EC0-301F-11D3-BF4B-00C04F79EFBC}") = "FubuWorld.MVC", "FubuWorld.MVC\FubuWorld.MVC.csproj", "{4F12B286-E137-4163-8917-E2DB3EB67BF6}"
EndProject
Project("{FAE04EC0-301F-11D3-BF4B-00C04F79EFBC}") = "FubuDocs", "FubuDocs\FubuDocs.csproj", "{67676EEC-F448-4CFE-8A33-E4C26E9FDF35}"
EndProject
Project("{FAE04EC0-301F-11D3-BF4B-00C04F79EFBC}") = "FubuDocs.Testing", "FubuDocs.Testing\FubuDocs.Testing.csproj", "{261E21A9-B52B-4CC5-A240-AD418BB79FF3}"
EndProject
Project("{FAE04EC0-301F-11D3-BF4B-00C04F79EFBC}") = "FakeDocs", "FakeDocs\FakeDocs.csproj", "{B3D34C58-5C31-4D33-ADA2-61396F4156F3}"
EndProject
Project("{FAE04EC0-301F-11D3-BF4B-00C04F79EFBC}") = "FubuDocsRunner", "FubuDocsRunner\FubuDocsRunner.csproj", "{A90E1BBE-8F1B-49D9-B5E0-F5ABC3B1AFAF}"
EndProject
Project("{FAE04EC0-301F-11D3-BF4B-00C04F79EFBC}") = "FubuMVC.Website", "FubuMVC.Website\FubuMVC.Website.csproj", "{8B4A73A3-5382-4BF4-9543-E414AE3D520C}"
EndProject
Project("{FAE04EC0-301F-11D3-BF4B-00C04F79EFBC}") = "DeployRunner", "DeployRunner\DeployRunner.csproj", "{AEC87F15-EF89-4861-B77F-433BBD0C66F8}"
EndProject
Global
	GlobalSection(SolutionConfigurationPlatforms) = preSolution
		Debug|Any CPU = Debug|Any CPU
		Debug|Mixed Platforms = Debug|Mixed Platforms
		Debug|x86 = Debug|x86
		Release|Any CPU = Release|Any CPU
		Release|Mixed Platforms = Release|Mixed Platforms
		Release|x86 = Release|x86
	EndGlobalSection
	GlobalSection(ProjectConfigurationPlatforms) = postSolution
		{6F5C4733-AF68-4591-9802-21425E6877C4}.Debug|Any CPU.ActiveCfg = Debug|Any CPU
		{6F5C4733-AF68-4591-9802-21425E6877C4}.Debug|Any CPU.Build.0 = Debug|Any CPU
		{6F5C4733-AF68-4591-9802-21425E6877C4}.Debug|Mixed Platforms.ActiveCfg = Debug|Any CPU
		{6F5C4733-AF68-4591-9802-21425E6877C4}.Debug|Mixed Platforms.Build.0 = Debug|Any CPU
		{6F5C4733-AF68-4591-9802-21425E6877C4}.Debug|x86.ActiveCfg = Debug|Any CPU
		{6F5C4733-AF68-4591-9802-21425E6877C4}.Release|Any CPU.ActiveCfg = Release|Any CPU
		{6F5C4733-AF68-4591-9802-21425E6877C4}.Release|Any CPU.Build.0 = Release|Any CPU
		{6F5C4733-AF68-4591-9802-21425E6877C4}.Release|Mixed Platforms.ActiveCfg = Release|Any CPU
		{6F5C4733-AF68-4591-9802-21425E6877C4}.Release|Mixed Platforms.Build.0 = Release|Any CPU
		{6F5C4733-AF68-4591-9802-21425E6877C4}.Release|x86.ActiveCfg = Release|Any CPU
		{80DC5E35-BD49-4647-BF5C-831D6EA3227A}.Debug|Any CPU.ActiveCfg = Debug|Any CPU
		{80DC5E35-BD49-4647-BF5C-831D6EA3227A}.Debug|Any CPU.Build.0 = Debug|Any CPU
		{80DC5E35-BD49-4647-BF5C-831D6EA3227A}.Debug|Mixed Platforms.ActiveCfg = Debug|Any CPU
		{80DC5E35-BD49-4647-BF5C-831D6EA3227A}.Debug|Mixed Platforms.Build.0 = Debug|Any CPU
		{80DC5E35-BD49-4647-BF5C-831D6EA3227A}.Debug|x86.ActiveCfg = Debug|Any CPU
		{80DC5E35-BD49-4647-BF5C-831D6EA3227A}.Release|Any CPU.ActiveCfg = Release|Any CPU
		{80DC5E35-BD49-4647-BF5C-831D6EA3227A}.Release|Any CPU.Build.0 = Release|Any CPU
		{80DC5E35-BD49-4647-BF5C-831D6EA3227A}.Release|Mixed Platforms.ActiveCfg = Release|Any CPU
		{80DC5E35-BD49-4647-BF5C-831D6EA3227A}.Release|Mixed Platforms.Build.0 = Release|Any CPU
		{80DC5E35-BD49-4647-BF5C-831D6EA3227A}.Release|x86.ActiveCfg = Release|Any CPU
		{4F12B286-E137-4163-8917-E2DB3EB67BF6}.Debug|Any CPU.ActiveCfg = Debug|Any CPU
		{4F12B286-E137-4163-8917-E2DB3EB67BF6}.Debug|Any CPU.Build.0 = Debug|Any CPU
		{4F12B286-E137-4163-8917-E2DB3EB67BF6}.Debug|Mixed Platforms.ActiveCfg = Debug|Any CPU
		{4F12B286-E137-4163-8917-E2DB3EB67BF6}.Debug|Mixed Platforms.Build.0 = Debug|Any CPU
		{4F12B286-E137-4163-8917-E2DB3EB67BF6}.Debug|x86.ActiveCfg = Debug|Any CPU
		{4F12B286-E137-4163-8917-E2DB3EB67BF6}.Release|Any CPU.ActiveCfg = Release|Any CPU
		{4F12B286-E137-4163-8917-E2DB3EB67BF6}.Release|Any CPU.Build.0 = Release|Any CPU
		{4F12B286-E137-4163-8917-E2DB3EB67BF6}.Release|Mixed Platforms.ActiveCfg = Release|Any CPU
		{4F12B286-E137-4163-8917-E2DB3EB67BF6}.Release|Mixed Platforms.Build.0 = Release|Any CPU
		{4F12B286-E137-4163-8917-E2DB3EB67BF6}.Release|x86.ActiveCfg = Release|Any CPU
		{67676EEC-F448-4CFE-8A33-E4C26E9FDF35}.Debug|Any CPU.ActiveCfg = Debug|Any CPU
		{67676EEC-F448-4CFE-8A33-E4C26E9FDF35}.Debug|Any CPU.Build.0 = Debug|Any CPU
		{67676EEC-F448-4CFE-8A33-E4C26E9FDF35}.Debug|Mixed Platforms.ActiveCfg = Debug|Any CPU
		{67676EEC-F448-4CFE-8A33-E4C26E9FDF35}.Debug|Mixed Platforms.Build.0 = Debug|Any CPU
		{67676EEC-F448-4CFE-8A33-E4C26E9FDF35}.Debug|x86.ActiveCfg = Debug|Any CPU
		{67676EEC-F448-4CFE-8A33-E4C26E9FDF35}.Release|Any CPU.ActiveCfg = Release|Any CPU
		{67676EEC-F448-4CFE-8A33-E4C26E9FDF35}.Release|Any CPU.Build.0 = Release|Any CPU
		{67676EEC-F448-4CFE-8A33-E4C26E9FDF35}.Release|Mixed Platforms.ActiveCfg = Release|Any CPU
		{67676EEC-F448-4CFE-8A33-E4C26E9FDF35}.Release|Mixed Platforms.Build.0 = Release|Any CPU
		{67676EEC-F448-4CFE-8A33-E4C26E9FDF35}.Release|x86.ActiveCfg = Release|Any CPU
		{261E21A9-B52B-4CC5-A240-AD418BB79FF3}.Debug|Any CPU.ActiveCfg = Debug|Any CPU
		{261E21A9-B52B-4CC5-A240-AD418BB79FF3}.Debug|Any CPU.Build.0 = Debug|Any CPU
		{261E21A9-B52B-4CC5-A240-AD418BB79FF3}.Debug|Mixed Platforms.ActiveCfg = Debug|Any CPU
		{261E21A9-B52B-4CC5-A240-AD418BB79FF3}.Debug|Mixed Platforms.Build.0 = Debug|Any CPU
		{261E21A9-B52B-4CC5-A240-AD418BB79FF3}.Debug|x86.ActiveCfg = Debug|Any CPU
		{261E21A9-B52B-4CC5-A240-AD418BB79FF3}.Release|Any CPU.ActiveCfg = Release|Any CPU
		{261E21A9-B52B-4CC5-A240-AD418BB79FF3}.Release|Any CPU.Build.0 = Release|Any CPU
		{261E21A9-B52B-4CC5-A240-AD418BB79FF3}.Release|Mixed Platforms.ActiveCfg = Release|Any CPU
		{261E21A9-B52B-4CC5-A240-AD418BB79FF3}.Release|Mixed Platforms.Build.0 = Release|Any CPU
		{261E21A9-B52B-4CC5-A240-AD418BB79FF3}.Release|x86.ActiveCfg = Release|Any CPU
		{B3D34C58-5C31-4D33-ADA2-61396F4156F3}.Debug|Any CPU.ActiveCfg = Debug|Any CPU
		{B3D34C58-5C31-4D33-ADA2-61396F4156F3}.Debug|Any CPU.Build.0 = Debug|Any CPU
		{B3D34C58-5C31-4D33-ADA2-61396F4156F3}.Debug|Mixed Platforms.ActiveCfg = Debug|Any CPU
		{B3D34C58-5C31-4D33-ADA2-61396F4156F3}.Debug|Mixed Platforms.Build.0 = Debug|Any CPU
		{B3D34C58-5C31-4D33-ADA2-61396F4156F3}.Debug|x86.ActiveCfg = Debug|Any CPU
		{B3D34C58-5C31-4D33-ADA2-61396F4156F3}.Release|Any CPU.ActiveCfg = Release|Any CPU
		{B3D34C58-5C31-4D33-ADA2-61396F4156F3}.Release|Any CPU.Build.0 = Release|Any CPU
		{B3D34C58-5C31-4D33-ADA2-61396F4156F3}.Release|Mixed Platforms.ActiveCfg = Release|Any CPU
		{B3D34C58-5C31-4D33-ADA2-61396F4156F3}.Release|Mixed Platforms.Build.0 = Release|Any CPU
		{B3D34C58-5C31-4D33-ADA2-61396F4156F3}.Release|x86.ActiveCfg = Release|Any CPU
		{A90E1BBE-8F1B-49D9-B5E0-F5ABC3B1AFAF}.Debug|Any CPU.ActiveCfg = Debug|x86
		{A90E1BBE-8F1B-49D9-B5E0-F5ABC3B1AFAF}.Debug|Mixed Platforms.ActiveCfg = Debug|x86
		{A90E1BBE-8F1B-49D9-B5E0-F5ABC3B1AFAF}.Debug|Mixed Platforms.Build.0 = Debug|x86
		{A90E1BBE-8F1B-49D9-B5E0-F5ABC3B1AFAF}.Debug|x86.ActiveCfg = Debug|x86
		{A90E1BBE-8F1B-49D9-B5E0-F5ABC3B1AFAF}.Debug|x86.Build.0 = Debug|x86
		{A90E1BBE-8F1B-49D9-B5E0-F5ABC3B1AFAF}.Release|Any CPU.ActiveCfg = Release|x86
		{A90E1BBE-8F1B-49D9-B5E0-F5ABC3B1AFAF}.Release|Mixed Platforms.ActiveCfg = Release|x86
		{A90E1BBE-8F1B-49D9-B5E0-F5ABC3B1AFAF}.Release|Mixed Platforms.Build.0 = Release|x86
		{A90E1BBE-8F1B-49D9-B5E0-F5ABC3B1AFAF}.Release|x86.ActiveCfg = Release|x86
		{A90E1BBE-8F1B-49D9-B5E0-F5ABC3B1AFAF}.Release|x86.Build.0 = Release|x86
		{8B4A73A3-5382-4BF4-9543-E414AE3D520C}.Debug|Any CPU.ActiveCfg = Debug|Any CPU
		{8B4A73A3-5382-4BF4-9543-E414AE3D520C}.Debug|Any CPU.Build.0 = Debug|Any CPU
		{8B4A73A3-5382-4BF4-9543-E414AE3D520C}.Debug|Mixed Platforms.ActiveCfg = Debug|Any CPU
		{8B4A73A3-5382-4BF4-9543-E414AE3D520C}.Debug|Mixed Platforms.Build.0 = Debug|Any CPU
		{8B4A73A3-5382-4BF4-9543-E414AE3D520C}.Debug|x86.ActiveCfg = Debug|Any CPU
		{8B4A73A3-5382-4BF4-9543-E414AE3D520C}.Release|Any CPU.ActiveCfg = Release|Any CPU
		{8B4A73A3-5382-4BF4-9543-E414AE3D520C}.Release|Any CPU.Build.0 = Release|Any CPU
		{8B4A73A3-5382-4BF4-9543-E414AE3D520C}.Release|Mixed Platforms.ActiveCfg = Release|Any CPU
		{8B4A73A3-5382-4BF4-9543-E414AE3D520C}.Release|Mixed Platforms.Build.0 = Release|Any CPU
		{8B4A73A3-5382-4BF4-9543-E414AE3D520C}.Release|x86.ActiveCfg = Release|Any CPU
		{AEC87F15-EF89-4861-B77F-433BBD0C66F8}.Debug|Any CPU.ActiveCfg = Debug|x86
		{AEC87F15-EF89-4861-B77F-433BBD0C66F8}.Debug|Mixed Platforms.ActiveCfg = Debug|x86
		{AEC87F15-EF89-4861-B77F-433BBD0C66F8}.Debug|Mixed Platforms.Build.0 = Debug|x86
		{AEC87F15-EF89-4861-B77F-433BBD0C66F8}.Debug|x86.ActiveCfg = Debug|x86
		{AEC87F15-EF89-4861-B77F-433BBD0C66F8}.Debug|x86.Build.0 = Debug|x86
		{AEC87F15-EF89-4861-B77F-433BBD0C66F8}.Release|Any CPU.ActiveCfg = Release|x86
		{AEC87F15-EF89-4861-B77F-433BBD0C66F8}.Release|Mixed Platforms.ActiveCfg = Release|x86
		{AEC87F15-EF89-4861-B77F-433BBD0C66F8}.Release|Mixed Platforms.Build.0 = Release|x86
		{AEC87F15-EF89-4861-B77F-433BBD0C66F8}.Release|x86.ActiveCfg = Release|x86
		{AEC87F15-EF89-4861-B77F-433BBD0C66F8}.Release|x86.Build.0 = Release|x86
	EndGlobalSection
	GlobalSection(SolutionProperties) = preSolution
		HideSolutionNode = FALSE
	EndGlobalSection
EndGlobal
