Microsoft Visual Studio Solution File, Format Version 11.00
# Visual Studio 2010
Project("{FAE04EC0-301F-11D3-BF4B-00C04F79EFBC}") = "FubuWorld", "FubuWorld\FubuWorld.csproj", "{6F5C4733-AF68-4591-9802-21425E6877C4}"
EndProject
Project("{FAE04EC0-301F-11D3-BF4B-00C04F79EFBC}") = "FubuWorld.Tests", "FubuWorld.Tests\FubuWorld.Tests.csproj", "{80DC5E35-BD49-4647-BF5C-831D6EA3227A}"
EndProject
Project("{FAE04EC0-301F-11D3-BF4B-00C04F79EFBC}") = "FubuWorld.MVC", "FubuWorld.MVC\FubuWorld.MVC.csproj", "{4F12B286-E137-4163-8917-E2DB3EB67BF6}"
EndProject
Project("{FAE04EC0-301F-11D3-BF4B-00C04F79EFBC}") = "FubuDocs", "FubuDocs\FubuDocs.csproj", "{67676EEC-F448-4CFE-8A33-E4C26E9FDF35}"
EndProject
Project("{FAE04EC0-301F-11D3-BF4B-00C04F79EFBC}") = "FubuDocs.Testing", "FubuDocs.Testing\FubuDocs.Testing.csproj", "{261E21A9-B52B-4CC5-A240-AD418BB79FF3}"
EndProject
Global
	GlobalSection(SolutionConfigurationPlatforms) = preSolution
		Debug|Any CPU = Debug|Any CPU
		Release|Any CPU = Release|Any CPU
	EndGlobalSection
	GlobalSection(ProjectConfigurationPlatforms) = postSolution
		{6F5C4733-AF68-4591-9802-21425E6877C4}.Debug|Any CPU.ActiveCfg = Debug|Any CPU
		{6F5C4733-AF68-4591-9802-21425E6877C4}.Debug|Any CPU.Build.0 = Debug|Any CPU
		{6F5C4733-AF68-4591-9802-21425E6877C4}.Release|Any CPU.ActiveCfg = Release|Any CPU
		{6F5C4733-AF68-4591-9802-21425E6877C4}.Release|Any CPU.Build.0 = Release|Any CPU
		{80DC5E35-BD49-4647-BF5C-831D6EA3227A}.Debug|Any CPU.ActiveCfg = Debug|Any CPU
		{80DC5E35-BD49-4647-BF5C-831D6EA3227A}.Debug|Any CPU.Build.0 = Debug|Any CPU
		{80DC5E35-BD49-4647-BF5C-831D6EA3227A}.Release|Any CPU.ActiveCfg = Release|Any CPU
		{80DC5E35-BD49-4647-BF5C-831D6EA3227A}.Release|Any CPU.Build.0 = Release|Any CPU
		{4F12B286-E137-4163-8917-E2DB3EB67BF6}.Debug|Any CPU.ActiveCfg = Debug|Any CPU
		{4F12B286-E137-4163-8917-E2DB3EB67BF6}.Debug|Any CPU.Build.0 = Debug|Any CPU
		{4F12B286-E137-4163-8917-E2DB3EB67BF6}.Release|Any CPU.ActiveCfg = Release|Any CPU
		{4F12B286-E137-4163-8917-E2DB3EB67BF6}.Release|Any CPU.Build.0 = Release|Any CPU
		{67676EEC-F448-4CFE-8A33-E4C26E9FDF35}.Debug|Any CPU.ActiveCfg = Debug|Any CPU
		{67676EEC-F448-4CFE-8A33-E4C26E9FDF35}.Debug|Any CPU.Build.0 = Debug|Any CPU
		{67676EEC-F448-4CFE-8A33-E4C26E9FDF35}.Release|Any CPU.ActiveCfg = Release|Any CPU
		{67676EEC-F448-4CFE-8A33-E4C26E9FDF35}.Release|Any CPU.Build.0 = Release|Any CPU
		{261E21A9-B52B-4CC5-A240-AD418BB79FF3}.Debug|Any CPU.ActiveCfg = Debug|Any CPU
		{261E21A9-B52B-4CC5-A240-AD418BB79FF3}.Debug|Any CPU.Build.0 = Debug|Any CPU
		{261E21A9-B52B-4CC5-A240-AD418BB79FF3}.Release|Any CPU.ActiveCfg = Release|Any CPU
		{261E21A9-B52B-4CC5-A240-AD418BB79FF3}.Release|Any CPU.Build.0 = Release|Any CPU
	EndGlobalSection
	GlobalSection(SolutionProperties) = preSolution
		HideSolutionNode = FALSE
	EndGlobalSection
EndGlobal
